{
  "name": "pipedreams",
  "version": "12.1.0",
  "lockfileVersion": 1,
  "requires": true,
  "dependencies": {
    "@types/node": {
      "version": "8.10.50",
      "resolved": "https://registry.npmjs.org/@types/node/-/node-8.10.50.tgz",
      "integrity": "sha512-+ZbcUwJdaBgOZpwXeT0v+gHC/jQbEfzoc9s4d0rN0JIKeQbuTrT+A2n1aQY6LpZjrLXJT7avVUqiCecCJeeZxA=="
    },
    "ansi-styles": {
      "version": "1.1.0",
      "resolved": "https://registry.npmjs.org/ansi-styles/-/ansi-styles-1.1.0.tgz",
      "integrity": "sha1-6uy/Zs1waIJ2Cy9GkVgrj1XXp94=",
      "optional": true
    },
    "async": {
      "version": "2.6.1",
      "resolved": "https://registry.npmjs.org/async/-/async-2.6.1.tgz",
      "integrity": "sha512-fNEiL2+AZt6AlAw/29Cr0UDe4sRAHCpEHh54WMz+Bb7QfNcFw4h3loofyJpLeQs4Yx7yuqu/2dLgM5hKOs6HlQ==",
      "dev": true,
      "requires": {
        "lodash": "^4.17.10"
      }
    },
    "cnd": {
      "version": "4.6.0",
      "resolved": "https://registry.npmjs.org/cnd/-/cnd-4.6.0.tgz",
      "integrity": "sha512-f67fr4xFvv4Vhlo+GW8T+YB7a/jZy+9vD2DK/Udvkaul0RSniTOPFNT2Q2F/+BS4JfoDBUZdBoUra0u2SwtuSw==",
      "requires": {
        "mkdirp": "^0.5.1",
        "trycatch": "^1.5.21"
      }
    },
    "data-uri-to-buffer": {
      "version": "2.0.1",
      "resolved": "https://registry.npmjs.org/data-uri-to-buffer/-/data-uri-to-buffer-2.0.1.tgz",
      "integrity": "sha512-OkVVLrerfAKZlW2ZZ3Ve2y65jgiWqBKsTfUIAFbn8nVbPcCZg6l6gikKlEYv0kXcmzqGm6mFq/Jf2vriuEkv8A==",
      "requires": {
        "@types/node": "^8.0.7"
      }
    },
    "diff": {
      "version": "3.5.0",
      "resolved": "https://registry.npmjs.org/diff/-/diff-3.5.0.tgz",
      "integrity": "sha512-A46qtFgd+g7pDZinpnwiRJtxbC1hpgf0uzP3iG89scHk0AUC7A1TGxf5OiiOUv/JMZR8GOt8hL900hV0bOy5xA==",
      "dev": true
    },
    "emittery": {
      "version": "0.4.1",
      "resolved": "https://registry.npmjs.org/emittery/-/emittery-0.4.1.tgz",
      "integrity": "sha512-r4eRSeStEGf6M5SKdrQhhLK5bOwOBxQhIE3YSTnZE3GpKiLfnnhE+tPtrJE79+eDJgm39BM6LSoI8SCx4HbwlQ=="
    },
    "get-source": {
      "version": "1.0.37",
      "resolved": "https://registry.npmjs.org/get-source/-/get-source-1.0.37.tgz",
      "integrity": "sha512-Q0YbhnCgvqFe3OTuxkNvWCM+22O4hkx7D0g8em7iFW4vmw/TiX8dhsFIaP6yRkyN9ETHgzU190L3keCg2MADtg==",
      "requires": {
        "data-uri-to-buffer": "^2.0.0",
        "source-map": "^0.6.1"
      }
    },
    "guy-test": {
      "version": "1.4.0",
      "resolved": "https://registry.npmjs.org/guy-test/-/guy-test-1.4.0.tgz",
      "integrity": "sha512-QkoSudup+viJ//mt+bOhTqSf01SYpJVJ7288exnreOL9gPMN25CxFbcxw8pPiasMeTtavZHY5XmUmOd/0xA4qQ==",
      "dev": true,
      "requires": {
        "async": "^2.6.1",
        "cnd": "^4.5.0",
        "diff": "^3.5.0"
      }
    },
    "hookit": {
      "version": "1.1.3",
      "resolved": "https://registry.npmjs.org/hookit/-/hookit-1.1.3.tgz",
      "integrity": "sha1-YnvRuQvE7sHTe2OiCCzv9Rgb+xk="
    },
    "intertype": {
      "version": "2.5.0",
      "resolved": "https://registry.npmjs.org/intertype/-/intertype-2.5.0.tgz",
      "integrity": "sha512-syiYJI0LFVdve0b25x/Lv3xedivgW8Xbv43tAbOLdAKDzafO9LHHaAWFWzFr13sBs0OIwdU5Foqf+nnY5MgCRA==",
      "requires": {
        "cnd": "^4.5.0",
        "lodash.flattendeep": "^4.4.0",
        "multimix": "^2.0.0"
      }
    },
    "kind-of": {
      "version": "6.0.2",
      "resolved": "https://registry.npmjs.org/kind-of/-/kind-of-6.0.2.tgz",
      "integrity": "sha512-s5kLOcnH0XqDO+FvuaLX8DDjZ18CGFk7VygH40QoKPUQhW4e2rvM0rwUq0t8IQDOwYSeLK01U90OjzBTme2QqA==",
      "dev": true
    },
    "letsfreezethat": {
      "version": "1.1.1",
      "resolved": "https://registry.npmjs.org/letsfreezethat/-/letsfreezethat-1.1.1.tgz",
      "integrity": "sha512-egDXKpaGMfbqRT5JckNfc1JmcOIC7y86fJNbXik6oCKc0KPKYVcEOnr3Rl+XpO+Bn7vGGfJgQ2+X1Z44jnUD5A=="
    },
    "lodash": {
      "version": "4.17.19",
      "resolved": "https://registry.npmjs.org/lodash/-/lodash-4.17.19.tgz",
      "integrity": "sha512-JNvd8XER9GQX0v2qJgsaN/mzFCNA5BRe/j8JN9d+tWyGLSodKQHKFicdwNYzWwI3wjRnaKPsGj1XkBjx/F96DQ==",
      "dev": true
    },
    "lodash.flattendeep": {
      "version": "4.4.0",
      "resolved": "https://registry.npmjs.org/lodash.flattendeep/-/lodash.flattendeep-4.4.0.tgz",
      "integrity": "sha1-+wMJF/hqMTTlvJvsDWngAT3f7bI="
    },
    "looper": {
      "version": "4.0.0",
      "resolved": "https://registry.npmjs.org/looper/-/looper-4.0.0.tgz",
      "integrity": "sha1-dwat7VmpntygbmtUu4bI7BnJUVU="
    },
    "math-random": {
      "version": "1.0.4",
      "resolved": "https://registry.npmjs.org/math-random/-/math-random-1.0.4.tgz",
      "integrity": "sha512-rUxjysqif/BZQH2yhd5Aaq7vXMSx9NdEsQcyA07uEzIvxgI7zIr33gGsh+RU0/XjmQpCW7RsVof1vlkvQVCK5A==",
      "dev": true
    },
    "minimist": {
      "version": "0.0.8",
      "resolved": "https://registry.npmjs.org/minimist/-/minimist-0.0.8.tgz",
      "integrity": "sha1-hX/Kv8M5fSYluCKCYuhqp6ARsF0="
    },
    "mkdirp": {
      "version": "0.5.1",
      "resolved": "https://registry.npmjs.org/mkdirp/-/mkdirp-0.5.1.tgz",
      "integrity": "sha1-MAV0OOrGz3+MR2fzhkjWaX11yQM=",
      "requires": {
        "minimist": "0.0.8"
      }
    },
    "multimix": {
      "version": "2.0.0",
      "resolved": "https://registry.npmjs.org/multimix/-/multimix-2.0.0.tgz",
      "integrity": "sha512-5Uzhc9NJfuJjDvshC27qfyFdDBjZ2QafhLXKqcFallUqVNChL7WXIPiaJMAdje/1jnaCT10Tm1VriypbQL+JKA==",
      "requires": {
        "cnd": "^4.5.0"
      }
    },
    "pipestreams": {
      "version": "8.0.0",
      "resolved": "https://registry.npmjs.org/pipestreams/-/pipestreams-8.0.0.tgz",
      "integrity": "sha512-tA+niMDL6oMeMB0LWhF3Az3DIMV0gd9XYaNlDgswF4i8hqKWDPQtM7lpHNZUIf2b4nYbU/ZHtytidV869hhwTA==",
      "requires": {
        "cnd": "^4.6.0",
        "get-source": "^1.0.37",
        "intertype": "^2.5.0",
        "lodash.flattendeep": "^4.4.0",
        "multimix": "^2.0.0",
        "pull-cont": "^0.1.1",
        "pull-map-last": "^1.0.0",
        "pull-merge": "^1.0.4",
        "pull-mux": "^0.1.3",
        "pull-pair": "^1.1.0",
        "pull-paramap": "^1.2.2",
        "pull-pause": "0.0.2",
        "pull-pushable": "^2.2.0",
        "pull-split": "^0.2.0",
        "pull-stream": "^3.6.12",
        "pull-stream-to-stream": "^1.3.4",
        "pull-tee": "^2.0.1",
        "pull-utf8-decoder": "^1.0.2",
        "stack-trace": "0.0.10",
        "stream-to-pull-stream": "^1.7.3",
        "timsort": "^0.3.0"
      }
    },
    "pull-cont": {
      "version": "0.1.1",
      "resolved": "https://registry.npmjs.org/pull-cont/-/pull-cont-0.1.1.tgz",
      "integrity": "sha1-3x1YDicXV7qay666IN4kIdZg1hg="
    },
    "pull-many": {
      "version": "1.0.9",
      "resolved": "https://registry.npmjs.org/pull-many/-/pull-many-1.0.9.tgz",
      "integrity": "sha512-+jUydDVlj/HsvtDqxWMSsiRq3B0HVo7RhBV4C0p2nZRS3mFTUEu9SPEBN+B5PMaW8KTnblYhTIaKg7oXgGnj4Q==",
      "requires": {
        "pull-stream": "^3.4.5"
      }
    },
    "pull-map-last": {
      "version": "1.0.0",
      "resolved": "https://registry.npmjs.org/pull-map-last/-/pull-map-last-1.0.0.tgz",
      "integrity": "sha1-CdPZ/gBP4tnhjWl+z/x6JyWZRq8="
    },
    "pull-merge": {
      "version": "1.0.4",
      "resolved": "https://registry.npmjs.org/pull-merge/-/pull-merge-1.0.4.tgz",
      "integrity": "sha512-pz72yzy7nK4YVKV8+njxC5GrnATJ4OwFEviiuXx/K/W2+G2mDddkomv2g0j4Zf4eT+LhsBuVpOAjZU1E9BPqCw=="
    },
    "pull-mux": {
      "version": "0.1.3",
      "resolved": "https://registry.npmjs.org/pull-mux/-/pull-mux-0.1.3.tgz",
      "integrity": "sha1-qlKIYmvxAZpuP5aJDqLVXLs7WiU=",
      "requires": {
        "pull-many": "^1.0.8",
        "pull-pair": "^1.1.0",
        "pull-stream": "^3.5.0",
        "pull-tee": "https://github.com/pull-stream/pull-tee/tarball/master"
      },
      "dependencies": {
        "pull-tee": {
          "version": "https://github.com/pull-stream/pull-tee/tarball/master",
          "integrity": "sha512-Nw01X7fNikCaZbY65xJfrfbMH+iuBIsCt6oOwS5Rf5Lt6TlIaU8OiiXbVr/znIxsqhVIIs87cJa9RvvuhrF20Q=="
        }
      }
    },
    "pull-pair": {
      "version": "1.1.0",
      "resolved": "https://registry.npmjs.org/pull-pair/-/pull-pair-1.1.0.tgz",
      "integrity": "sha1-fuQnJj/fTaglOXrAoF4atLdL120="
    },
    "pull-paramap": {
      "version": "1.2.2",
      "resolved": "https://registry.npmjs.org/pull-paramap/-/pull-paramap-1.2.2.tgz",
      "integrity": "sha1-UaQZPOnI1yFdla2tReK824STsjo=",
      "requires": {
        "looper": "^4.0.0"
      }
    },
    "pull-pause": {
      "version": "0.0.2",
      "resolved": "https://registry.npmjs.org/pull-pause/-/pull-pause-0.0.2.tgz",
      "integrity": "sha1-GdRb6PqmFfpVbxSpb9czRiw3+6M="
    },
    "pull-pushable": {
      "version": "2.2.0",
      "resolved": "https://registry.npmjs.org/pull-pushable/-/pull-pushable-2.2.0.tgz",
      "integrity": "sha1-Xy867UethpGfAbEqLpnW8b13ZYE="
    },
    "pull-split": {
      "version": "0.2.0",
      "resolved": "https://registry.npmjs.org/pull-split/-/pull-split-0.2.0.tgz",
      "integrity": "sha1-mW0ohTEFIgmoMTiK0NKB3zyCN5Y=",
      "requires": {
        "pull-through": "~1.0.6"
      }
    },
    "pull-stream": {
      "version": "3.6.13",
      "resolved": "https://registry.npmjs.org/pull-stream/-/pull-stream-3.6.13.tgz",
      "integrity": "sha512-enbnbnO+czsPuCq9s9HTTzDzzVQD5TSe60aO3nBioeJ9mevh8RzE4Hxbujo9TReg1fJlmNEL8uyQTUgn8+rSHg=="
    },
    "pull-stream-to-stream": {
      "version": "1.3.4",
      "resolved": "https://registry.npmjs.org/pull-stream-to-stream/-/pull-stream-to-stream-1.3.4.tgz",
      "integrity": "sha1-P4HYIWvRjSv9GhmBkEcRgOJzg5k="
    },
    "pull-tee": {
      "version": "2.0.1",
      "resolved": "https://registry.npmjs.org/pull-tee/-/pull-tee-2.0.1.tgz",
      "integrity": "sha1-AVX56ZgwH0c2XiE99Vz+5McebZc="
    },
    "pull-through": {
      "version": "1.0.18",
      "resolved": "https://registry.npmjs.org/pull-through/-/pull-through-1.0.18.tgz",
      "integrity": "sha1-jdYjFCY+Wc9Qlur7sSeitu8xBzU=",
      "requires": {
        "looper": "~3.0.0"
      },
      "dependencies": {
        "looper": {
          "version": "3.0.0",
          "resolved": "https://registry.npmjs.org/looper/-/looper-3.0.0.tgz",
          "integrity": "sha1-LvpUw7HLq6m5Su4uWRSwvlf7t0k="
        }
      }
    },
    "pull-utf8-decoder": {
      "version": "1.0.2",
      "resolved": "https://registry.npmjs.org/pull-utf8-decoder/-/pull-utf8-decoder-1.0.2.tgz",
      "integrity": "sha1-p6+iOE0eZBWl1gIFQSbMjeO8vOc="
    },
    "randomatic": {
      "version": "3.1.1",
      "resolved": "https://registry.npmjs.org/randomatic/-/randomatic-3.1.1.tgz",
      "integrity": "sha512-TuDE5KxZ0J461RVjrJZCJc+J+zCkTb1MbH9AQUq68sMhOMcy9jLcb3BrZKgp9q9Ncltdg4QVqWrH02W2EFFVYw==",
      "dev": true,
      "requires": {
        "is-number": "^4.0.0",
        "kind-of": "^6.0.0",
        "math-random": "^1.0.1"
      },
      "dependencies": {
        "is-number": {
          "version": "4.0.0",
          "resolved": "https://registry.npmjs.org/is-number/-/is-number-4.0.0.tgz",
          "integrity": "sha512-rSklcAIlf1OmFdyAqbnWTLVelsQ58uvZ66S/ZyawjWqIviTWCjg2PzVGw8WUA+nNuPTqb4wgA+NszrJ+08LlgQ==",
          "dev": true
        }
      }
    },
    "source-map": {
      "version": "0.6.1",
      "resolved": "https://registry.npmjs.org/source-map/-/source-map-0.6.1.tgz",
      "integrity": "sha512-UjgapumWlbMhkBgzT7Ykc5YXUT46F0iKu8SGXq0bcwP5dz/h0Plj6enJqjz1Zbq2l5WaqYnrVbwWOWMyF3F47g=="
    },
    "stack-trace": {
      "version": "0.0.10",
      "resolved": "https://registry.npmjs.org/stack-trace/-/stack-trace-0.0.10.tgz",
      "integrity": "sha1-VHxws0fo0ytOEI6hoqFZ5f3eGcA="
    },
    "stream-to-pull-stream": {
      "version": "1.7.3",
      "resolved": "https://registry.npmjs.org/stream-to-pull-stream/-/stream-to-pull-stream-1.7.3.tgz",
      "integrity": "sha512-6sNyqJpr5dIOQdgNy/xcDWwDuzAsAwVzhzrWlAPAQ7Lkjx/rv0wgvxEyKwTq6FmNd5rjTrELt/CLmaSw7crMGg==",
      "requires": {
        "looper": "^3.0.0",
        "pull-stream": "^3.2.3"
      },
      "dependencies": {
        "looper": {
          "version": "3.0.0",
          "resolved": "https://registry.npmjs.org/looper/-/looper-3.0.0.tgz",
          "integrity": "sha1-LvpUw7HLq6m5Su4uWRSwvlf7t0k="
        }
      }
    },
    "timsort": {
      "version": "0.3.0",
      "resolved": "https://registry.npmjs.org/timsort/-/timsort-0.3.0.tgz",
      "integrity": "sha1-QFQRqOfmM5/mTbmiNN4R3DHgK9Q="
    },
    "trycatch": {
      "version": "1.5.21",
      "resolved": "https://registry.npmjs.org/trycatch/-/trycatch-1.5.21.tgz",
      "integrity": "sha1-LLFdQ9T0X3Q2dweYoQvfvh1aVv4=",
      "requires": {
        "ansi-styles": "1.x.x",
        "hookit": "^1.1.3"
      }
    }
  }
}
