{
  "name": "pipedreams",
  "version": "7.0.0",
  "lockfileVersion": 1,
  "requires": true,
  "dependencies": {
    "ansi-styles": {
      "version": "1.1.0",
      "resolved": "https://registry.npmjs.org/ansi-styles/-/ansi-styles-1.1.0.tgz",
      "integrity": "sha1-6uy/Zs1waIJ2Cy9GkVgrj1XXp94=",
      "optional": true
    },
    "cnd": {
      "version": "4.4.0",
      "resolved": "https://registry.npmjs.org/cnd/-/cnd-4.4.0.tgz",
      "integrity": "sha512-XVOHF/uL6TiXx2WQFeQwUwBaPjbmhCMoB+bUBlcGyUHo3BMn2qJ+NVE5a1XrUmI9u9wXTzaA+CmsT+EboeomFw==",
      "requires": {
        "trycatch": "^1.5.21"
      }
    },
    "coffeenode-suspend": {
      "version": "0.1.11",
      "resolved": "https://registry.npmjs.org/coffeenode-suspend/-/coffeenode-suspend-0.1.11.tgz",
      "integrity": "sha1-B1n2TzgWbhlkTFKYH+rgX9dVaZI="
    },
    "defined": {
      "version": "1.0.0",
      "resolved": "https://registry.npmjs.org/defined/-/defined-1.0.0.tgz",
      "integrity": "sha1-yY2bzvdWdBiOEQlpFRGZ45sfppM="
    },
    "eventemitter3": {
      "version": "3.1.0",
      "resolved": "https://registry.npmjs.org/eventemitter3/-/eventemitter3-3.1.0.tgz",
      "integrity": "sha512-ivIvhpq/Y0uSjcHDcOIccjmYjGLcP09MFGE7ysAwkAvkXfpZlC985pH2/ui64DKazbTW/4kN3yqozUxlXzI6cA=="
    },
    "hookit": {
      "version": "1.1.3",
      "resolved": "https://registry.npmjs.org/hookit/-/hookit-1.1.3.tgz",
      "integrity": "sha1-YnvRuQvE7sHTe2OiCCzv9Rgb+xk="
    },
    "looper": {
      "version": "4.0.0",
      "resolved": "https://registry.npmjs.org/looper/-/looper-4.0.0.tgz",
      "integrity": "sha1-dwat7VmpntygbmtUu4bI7BnJUVU="
    },
    "numeral": {
      "version": "2.0.6",
      "resolved": "https://registry.npmjs.org/numeral/-/numeral-2.0.6.tgz",
      "integrity": "sha1-StCAk21EPCVhrtnyGX7//iX05QY="
    },
    "pipestreams": {
      "version": "0.5.0",
      "resolved": "https://registry.npmjs.org/pipestreams/-/pipestreams-0.5.0.tgz",
      "integrity": "sha512-uxejTGAuBUvZB+LCr7tJWEHlexfv66OElbAG5SNC3O+mu+NIuDfUTeKFedjb7dvXzCMigv3Jrt7Wo51Gcw8ETQ==",
      "requires": {
        "cnd": "^4.3.1",
        "coffeenode-suspend": "^0.1.11",
        "eventemitter3": "^3.1.0",
        "numeral": "^2.0.6",
        "pull-cont": "^0.1.1",
        "pull-file": "^1.1.0",
        "pull-many": "^1.0.8",
        "pull-paramap": "^1.2.2",
        "pull-pushable": "^2.2.0",
        "pull-split": "^0.2.0",
        "pull-stream": "^3.6.9",
        "pull-stringify": "^2.0.0",
        "pull-tee": "^2.0.1",
        "pull-through": "^1.0.18",
        "pull-utf8-decoder": "^1.0.2",
        "pull-write-file": "^0.2.4",
        "stream-to-pull-stream": "^1.7.2",
        "timsort": "^0.3.0"
      }
    },
    "pull-cont": {
      "version": "0.1.1",
      "resolved": "https://registry.npmjs.org/pull-cont/-/pull-cont-0.1.1.tgz",
      "integrity": "sha1-3x1YDicXV7qay666IN4kIdZg1hg="
    },
    "pull-file": {
      "version": "1.1.0",
      "resolved": "https://registry.npmjs.org/pull-file/-/pull-file-1.1.0.tgz",
      "integrity": "sha1-HdmHYF1jV6DSPB5Lgm95FaIVEpw=",
      "requires": {
        "pull-utf8-decoder": "^1.0.2"
      }
    },
    "pull-many": {
      "version": "1.0.8",
      "resolved": "https://registry.npmjs.org/pull-many/-/pull-many-1.0.8.tgz",
      "integrity": "sha1-Pa3ZttFWxUVyG9qNAAPdjqoGKT4=",
      "requires": {
        "pull-stream": "^3.4.5"
      }
    },
    "pull-paramap": {
      "version": "1.2.2",
      "resolved": "https://registry.npmjs.org/pull-paramap/-/pull-paramap-1.2.2.tgz",
      "integrity": "sha1-UaQZPOnI1yFdla2tReK824STsjo=",
      "requires": {
        "looper": "^4.0.0"
      }
    },
    "pull-pushable": {
      "version": "2.2.0",
      "resolved": "https://registry.npmjs.org/pull-pushable/-/pull-pushable-2.2.0.tgz",
      "integrity": "sha1-Xy867UethpGfAbEqLpnW8b13ZYE="
    },
    "pull-split": {
      "version": "0.2.0",
      "resolved": "https://registry.npmjs.org/pull-split/-/pull-split-0.2.0.tgz",
      "integrity": "sha1-mW0ohTEFIgmoMTiK0NKB3zyCN5Y=",
      "requires": {
        "pull-through": "~1.0.6"
      }
    },
    "pull-stream": {
      "version": "3.6.9",
      "resolved": "https://registry.npmjs.org/pull-stream/-/pull-stream-3.6.9.tgz",
      "integrity": "sha512-hJn4POeBrkttshdNl0AoSCVjMVSuBwuHocMerUdoZ2+oIUzrWHFTwJMlbHND7OiKLVgvz6TFj8ZUVywUMXccbw=="
    },
    "pull-stringify": {
      "version": "2.0.0",
      "resolved": "http://registry.npmjs.org/pull-stringify/-/pull-stringify-2.0.0.tgz",
      "integrity": "sha1-Irox2pWvCIjg+1WSOLH6kVpqW2Q=",
      "requires": {
        "defined": "^1.0.0"
      }
    },
    "pull-tee": {
      "version": "2.0.1",
      "resolved": "https://registry.npmjs.org/pull-tee/-/pull-tee-2.0.1.tgz",
      "integrity": "sha1-AVX56ZgwH0c2XiE99Vz+5McebZc="
    },
    "pull-through": {
      "version": "1.0.18",
      "resolved": "https://registry.npmjs.org/pull-through/-/pull-through-1.0.18.tgz",
      "integrity": "sha1-jdYjFCY+Wc9Qlur7sSeitu8xBzU=",
      "requires": {
        "looper": "~3.0.0"
      },
      "dependencies": {
        "looper": {
          "version": "3.0.0",
          "resolved": "https://registry.npmjs.org/looper/-/looper-3.0.0.tgz",
          "integrity": "sha1-LvpUw7HLq6m5Su4uWRSwvlf7t0k="
        }
      }
    },
    "pull-utf8-decoder": {
      "version": "1.0.2",
      "resolved": "https://registry.npmjs.org/pull-utf8-decoder/-/pull-utf8-decoder-1.0.2.tgz",
      "integrity": "sha1-p6+iOE0eZBWl1gIFQSbMjeO8vOc="
    },
    "pull-write-file": {
      "version": "0.2.4",
      "resolved": "https://registry.npmjs.org/pull-write-file/-/pull-write-file-0.2.4.tgz",
      "integrity": "sha1-Q3NErrIYn2XmeO0a838PdgpUU+8="
    },
    "stream-to-pull-stream": {
      "version": "1.7.2",
      "resolved": "https://registry.npmjs.org/stream-to-pull-stream/-/stream-to-pull-stream-1.7.2.tgz",
      "integrity": "sha1-dXYJrhzr0zx0MtSvvjH/eGULnd4=",
      "requires": {
        "looper": "^3.0.0",
        "pull-stream": "^3.2.3"
      },
      "dependencies": {
        "looper": {
          "version": "3.0.0",
          "resolved": "https://registry.npmjs.org/looper/-/looper-3.0.0.tgz",
          "integrity": "sha1-LvpUw7HLq6m5Su4uWRSwvlf7t0k="
        }
      }
    },
    "timsort": {
      "version": "0.3.0",
      "resolved": "https://registry.npmjs.org/timsort/-/timsort-0.3.0.tgz",
      "integrity": "sha1-QFQRqOfmM5/mTbmiNN4R3DHgK9Q="
    },
    "trycatch": {
      "version": "1.5.21",
      "resolved": "https://registry.npmjs.org/trycatch/-/trycatch-1.5.21.tgz",
      "integrity": "sha1-LLFdQ9T0X3Q2dweYoQvfvh1aVv4=",
      "requires": {
        "ansi-styles": "1.x.x",
        "hookit": "^1.1.3"
      }
    }
  }
}
